// !$*UTF8*$!
{
	archiveVersion = 1;
	classes = {
	};
	objectVersion = 50;
	objects = {

/* Begin PBXBuildFile section */
		2D46318D21E5267E009AAC3F /* Ratings.swift in Sources */ = {isa = PBXBuildFile; fileRef = 2D46318C21E5267E009AAC3F /* Ratings.swift */; };
		2D46318F21E52802009AAC3F /* RatingTableViewController.swift in Sources */ = {isa = PBXBuildFile; fileRef = 2D46318E21E52802009AAC3F /* RatingTableViewController.swift */; };
		2D46319121E55152009AAC3F /* Viewer.swift in Sources */ = {isa = PBXBuildFile; fileRef = 2D46319021E55152009AAC3F /* Viewer.swift */; };
		2D6F466B21DFCD240037D51E /* MovieType.swift in Sources */ = {isa = PBXBuildFile; fileRef = 2D6F466A21DFCD240037D51E /* MovieType.swift */; };
		2D6F466D21DFE6620037D51E /* HandlePrefix.swift in Sources */ = {isa = PBXBuildFile; fileRef = 2D6F466C21DFE6620037D51E /* HandlePrefix.swift */; };
		2D6F467121E025370037D51E /* GenreTableViewController.swift in Sources */ = {isa = PBXBuildFile; fileRef = 2D6F467021E025370037D51E /* GenreTableViewController.swift */; };
		2D7DB26E21E3D28200454189 /* ActorTableViewController.swift in Sources */ = {isa = PBXBuildFile; fileRef = 2D7DB26D21E3D28200454189 /* ActorTableViewController.swift */; };
		2DBDEFCB21E6AE6C00E3A7E2 /* ResultsTableViewController.swift in Sources */ = {isa = PBXBuildFile; fileRef = 2DBDEFCA21E6AE6C00E3A7E2 /* ResultsTableViewController.swift */; };
		2DBDEFCD21E6BCDA00E3A7E2 /* MovieSearch.swift in Sources */ = {isa = PBXBuildFile; fileRef = 2DBDEFCC21E6BCDA00E3A7E2 /* MovieSearch.swift */; };
		2DC1786221DD724600817ACA /* AppDelegate.swift in Sources */ = {isa = PBXBuildFile; fileRef = 2DC1786121DD724600817ACA /* AppDelegate.swift */; };
		2DC1786421DD724600817ACA /* ViewController.swift in Sources */ = {isa = PBXBuildFile; fileRef = 2DC1786321DD724600817ACA /* ViewController.swift */; };
		2DC1786721DD724600817ACA /* Main.storyboard in Resources */ = {isa = PBXBuildFile; fileRef = 2DC1786521DD724600817ACA /* Main.storyboard */; };
		2DC1786921DD724800817ACA /* Assets.xcassets in Resources */ = {isa = PBXBuildFile; fileRef = 2DC1786821DD724800817ACA /* Assets.xcassets */; };
		2DC1786C21DD724800817ACA /* LaunchScreen.storyboard in Resources */ = {isa = PBXBuildFile; fileRef = 2DC1786A21DD724800817ACA /* LaunchScreen.storyboard */; };
		2DC1787421DD7AEC00817ACA /* Endpoint.swift in Sources */ = {isa = PBXBuildFile; fileRef = 2DC1787321DD7AEC00817ACA /* Endpoint.swift */; };
		2DC1787721DD831700817ACA /* Result.swift in Sources */ = {isa = PBXBuildFile; fileRef = 2DC1787621DD831700817ACA /* Result.swift */; };
		2DC1787921DD834E00817ACA /* Networker.swift in Sources */ = {isa = PBXBuildFile; fileRef = 2DC1787821DD834E00817ACA /* Networker.swift */; };
		2DC1787B21DD87A600817ACA /* Genre.swift in Sources */ = {isa = PBXBuildFile; fileRef = 2DC1787A21DD87A600817ACA /* Genre.swift */; };
		2DC1787E21DD880700817ACA /* JSONDecoder.swift in Sources */ = {isa = PBXBuildFile; fileRef = 2DC1787D21DD880700817ACA /* JSONDecoder.swift */; };
		2DE966C021DE81F90092E7BC /* DataManager.swift in Sources */ = {isa = PBXBuildFile; fileRef = 2DE966BF21DE81F90092E7BC /* DataManager.swift */; };
		2DE966C221DE8B4F0092E7BC /* Actor.swift in Sources */ = {isa = PBXBuildFile; fileRef = 2DE966C121DE8B4F0092E7BC /* Actor.swift */; };
/* End PBXBuildFile section */

/* Begin PBXFileReference section */
		2D46318C21E5267E009AAC3F /* Ratings.swift */ = {isa = PBXFileReference; lastKnownFileType = sourcecode.swift; path = Ratings.swift; sourceTree = "<group>"; };
		2D46318E21E52802009AAC3F /* RatingTableViewController.swift */ = {isa = PBXFileReference; lastKnownFileType = sourcecode.swift; path = RatingTableViewController.swift; sourceTree = "<group>"; };
		2D46319021E55152009AAC3F /* Viewer.swift */ = {isa = PBXFileReference; lastKnownFileType = sourcecode.swift; path = Viewer.swift; sourceTree = "<group>"; };
		2D6F466A21DFCD240037D51E /* MovieType.swift */ = {isa = PBXFileReference; lastKnownFileType = sourcecode.swift; path = MovieType.swift; sourceTree = "<group>"; };
		2D6F466C21DFE6620037D51E /* HandlePrefix.swift */ = {isa = PBXFileReference; lastKnownFileType = sourcecode.swift; path = HandlePrefix.swift; sourceTree = "<group>"; };
		2D6F467021E025370037D51E /* GenreTableViewController.swift */ = {isa = PBXFileReference; lastKnownFileType = sourcecode.swift; path = GenreTableViewController.swift; sourceTree = "<group>"; };
		2D7DB26D21E3D28200454189 /* ActorTableViewController.swift */ = {isa = PBXFileReference; lastKnownFileType = sourcecode.swift; path = ActorTableViewController.swift; sourceTree = "<group>"; };
		2DBDEFCA21E6AE6C00E3A7E2 /* ResultsTableViewController.swift */ = {isa = PBXFileReference; lastKnownFileType = sourcecode.swift; path = ResultsTableViewController.swift; sourceTree = "<group>"; };
		2DBDEFCC21E6BCDA00E3A7E2 /* MovieSearch.swift */ = {isa = PBXFileReference; lastKnownFileType = sourcecode.swift; path = MovieSearch.swift; sourceTree = "<group>"; };
		2DC1785E21DD724600817ACA /* Movie Night.app */ = {isa = PBXFileReference; explicitFileType = wrapper.application; includeInIndex = 0; path = "Movie Night.app"; sourceTree = BUILT_PRODUCTS_DIR; };
		2DC1786121DD724600817ACA /* AppDelegate.swift */ = {isa = PBXFileReference; lastKnownFileType = sourcecode.swift; path = AppDelegate.swift; sourceTree = "<group>"; };
		2DC1786321DD724600817ACA /* ViewController.swift */ = {isa = PBXFileReference; lastKnownFileType = sourcecode.swift; path = ViewController.swift; sourceTree = "<group>"; };
		2DC1786621DD724600817ACA /* Base */ = {isa = PBXFileReference; lastKnownFileType = file.storyboard; name = Base; path = Base.lproj/Main.storyboard; sourceTree = "<group>"; };
		2DC1786821DD724800817ACA /* Assets.xcassets */ = {isa = PBXFileReference; lastKnownFileType = folder.assetcatalog; path = Assets.xcassets; sourceTree = "<group>"; };
		2DC1786B21DD724800817ACA /* Base */ = {isa = PBXFileReference; lastKnownFileType = file.storyboard; name = Base; path = Base.lproj/LaunchScreen.storyboard; sourceTree = "<group>"; };
		2DC1786D21DD724800817ACA /* Info.plist */ = {isa = PBXFileReference; lastKnownFileType = text.plist.xml; path = Info.plist; sourceTree = "<group>"; };
		2DC1787321DD7AEC00817ACA /* Endpoint.swift */ = {isa = PBXFileReference; lastKnownFileType = sourcecode.swift; path = Endpoint.swift; sourceTree = "<group>"; };
		2DC1787621DD831700817ACA /* Result.swift */ = {isa = PBXFileReference; lastKnownFileType = sourcecode.swift; path = Result.swift; sourceTree = "<group>"; };
		2DC1787821DD834E00817ACA /* Networker.swift */ = {isa = PBXFileReference; lastKnownFileType = sourcecode.swift; path = Networker.swift; sourceTree = "<group>"; };
		2DC1787A21DD87A600817ACA /* Genre.swift */ = {isa = PBXFileReference; lastKnownFileType = sourcecode.swift; path = Genre.swift; sourceTree = "<group>"; };
		2DC1787D21DD880700817ACA /* JSONDecoder.swift */ = {isa = PBXFileReference; lastKnownFileType = sourcecode.swift; path = JSONDecoder.swift; sourceTree = "<group>"; };
		2DE966BF21DE81F90092E7BC /* DataManager.swift */ = {isa = PBXFileReference; lastKnownFileType = sourcecode.swift; path = DataManager.swift; sourceTree = "<group>"; };
		2DE966C121DE8B4F0092E7BC /* Actor.swift */ = {isa = PBXFileReference; lastKnownFileType = sourcecode.swift; path = Actor.swift; sourceTree = "<group>"; };
/* End PBXFileReference section */

/* Begin PBXFrameworksBuildPhase section */
		2DC1785B21DD724600817ACA /* Frameworks */ = {
			isa = PBXFrameworksBuildPhase;
			buildActionMask = 2147483647;
			files = (
			);
			runOnlyForDeploymentPostprocessing = 0;
		};
/* End PBXFrameworksBuildPhase section */

/* Begin PBXGroup section */
		2DC1785521DD724600817ACA = {
			isa = PBXGroup;
			children = (
				2DC1786021DD724600817ACA /* Movie Night */,
				2DC1785F21DD724600817ACA /* Products */,
			);
			sourceTree = "<group>";
		};
		2DC1785F21DD724600817ACA /* Products */ = {
			isa = PBXGroup;
			children = (
				2DC1785E21DD724600817ACA /* Movie Night.app */,
			);
			name = Products;
			sourceTree = "<group>";
		};
		2DC1786021DD724600817ACA /* Movie Night */ = {
			isa = PBXGroup;
			children = (
				2DC1786121DD724600817ACA /* AppDelegate.swift */,
				2DC1787C21DD87E500817ACA /* Models */,
				2DC1787521DD82EB00817ACA /* Networking */,
				2DC1786821DD724800817ACA /* Assets.xcassets */,
				2DC1786521DD724600817ACA /* Main.storyboard */,
				2DC1786321DD724600817ACA /* ViewController.swift */,
				2D6F467021E025370037D51E /* GenreTableViewController.swift */,
				2D7DB26D21E3D28200454189 /* ActorTableViewController.swift */,
				2D46318E21E52802009AAC3F /* RatingTableViewController.swift */,
				2DBDEFCA21E6AE6C00E3A7E2 /* ResultsTableViewController.swift */,
				2DC1786A21DD724800817ACA /* LaunchScreen.storyboard */,
				2DC1786D21DD724800817ACA /* Info.plist */,
			);
			path = "Movie Night";
			sourceTree = "<group>";
		};
		2DC1787521DD82EB00817ACA /* Networking */ = {
			isa = PBXGroup;
			children = (
				2DC1787321DD7AEC00817ACA /* Endpoint.swift */,
				2DC1787621DD831700817ACA /* Result.swift */,
				2DC1787821DD834E00817ACA /* Networker.swift */,
				2D6F466C21DFE6620037D51E /* HandlePrefix.swift */,
				2DE966BF21DE81F90092E7BC /* DataManager.swift */,
				2DC1787D21DD880700817ACA /* JSONDecoder.swift */,
			);
			path = Networking;
			sourceTree = "<group>";
		};
		2DC1787C21DD87E500817ACA /* Models */ = {
			isa = PBXGroup;
			children = (
				2D6F466A21DFCD240037D51E /* MovieType.swift */,
				2DC1787A21DD87A600817ACA /* Genre.swift */,
				2DE966C121DE8B4F0092E7BC /* Actor.swift */,
				2DBDEFCC21E6BCDA00E3A7E2 /* MovieSearch.swift */,
				2D46318C21E5267E009AAC3F /* Ratings.swift */,
				2D46319021E55152009AAC3F /* Viewer.swift */,
			);
			path = Models;
			sourceTree = "<group>";
		};
/* End PBXGroup section */

/* Begin PBXNativeTarget section */
		2DC1785D21DD724600817ACA /* Movie Night */ = {
			isa = PBXNativeTarget;
			buildConfigurationList = 2DC1787021DD724800817ACA /* Build configuration list for PBXNativeTarget "Movie Night" */;
			buildPhases = (
				2DC1785A21DD724600817ACA /* Sources */,
				2DC1785B21DD724600817ACA /* Frameworks */,
				2DC1785C21DD724600817ACA /* Resources */,
			);
			buildRules = (
			);
			dependencies = (
			);
			name = "Movie Night";
			productName = "Movie Night";
			productReference = 2DC1785E21DD724600817ACA /* Movie Night.app */;
			productType = "com.apple.product-type.application";
		};
/* End PBXNativeTarget section */

/* Begin PBXProject section */
		2DC1785621DD724600817ACA /* Project object */ = {
			isa = PBXProject;
			attributes = {
				LastSwiftUpdateCheck = 1010;
				LastUpgradeCheck = 1010;
				ORGANIZATIONNAME = "Kate Duncan-Welke";
				TargetAttributes = {
					2DC1785D21DD724600817ACA = {
						CreatedOnToolsVersion = 10.1;
					};
				};
			};
			buildConfigurationList = 2DC1785921DD724600817ACA /* Build configuration list for PBXProject "Movie Night" */;
			compatibilityVersion = "Xcode 9.3";
			developmentRegion = en;
			hasScannedForEncodings = 0;
			knownRegions = (
				en,
				Base,
			);
			mainGroup = 2DC1785521DD724600817ACA;
			productRefGroup = 2DC1785F21DD724600817ACA /* Products */;
			projectDirPath = "";
			projectRoot = "";
			targets = (
				2DC1785D21DD724600817ACA /* Movie Night */,
			);
		};
/* End PBXProject section */

/* Begin PBXResourcesBuildPhase section */
		2DC1785C21DD724600817ACA /* Resources */ = {
			isa = PBXResourcesBuildPhase;
			buildActionMask = 2147483647;
			files = (
				2DC1786C21DD724800817ACA /* LaunchScreen.storyboard in Resources */,
				2DC1786921DD724800817ACA /* Assets.xcassets in Resources */,
				2DC1786721DD724600817ACA /* Main.storyboard in Resources */,
			);
			runOnlyForDeploymentPostprocessing = 0;
		};
/* End PBXResourcesBuildPhase section */

/* Begin PBXSourcesBuildPhase section */
		2DC1785A21DD724600817ACA /* Sources */ = {
			isa = PBXSourcesBuildPhase;
			buildActionMask = 2147483647;
			files = (
				2DC1787921DD834E00817ACA /* Networker.swift in Sources */,
				2DBDEFCB21E6AE6C00E3A7E2 /* ResultsTableViewController.swift in Sources */,
				2D6F466D21DFE6620037D51E /* HandlePrefix.swift in Sources */,
				2DE966C021DE81F90092E7BC /* DataManager.swift in Sources */,
				2DBDEFCD21E6BCDA00E3A7E2 /* MovieSearch.swift in Sources */,
				2DC1786421DD724600817ACA /* ViewController.swift in Sources */,
				2DC1787421DD7AEC00817ACA /* Endpoint.swift in Sources */,
				2DC1787B21DD87A600817ACA /* Genre.swift in Sources */,
				2D46318D21E5267E009AAC3F /* Ratings.swift in Sources */,
				2DC1787721DD831700817ACA /* Result.swift in Sources */,
				2D6F466B21DFCD240037D51E /* MovieType.swift in Sources */,
				2D46319121E55152009AAC3F /* Viewer.swift in Sources */,
				2DE966C221DE8B4F0092E7BC /* Actor.swift in Sources */,
				2D6F467121E025370037D51E /* GenreTableViewController.swift in Sources */,
				2DC1786221DD724600817ACA /* AppDelegate.swift in Sources */,
				2D7DB26E21E3D28200454189 /* ActorTableViewController.swift in Sources */,
				2D46318F21E52802009AAC3F /* RatingTableViewController.swift in Sources */,
				2DC1787E21DD880700817ACA /* JSONDecoder.swift in Sources */,
			);
			runOnlyForDeploymentPostprocessing = 0;
		};
/* End PBXSourcesBuildPhase section */

/* Begin PBXVariantGroup section */
		2DC1786521DD724600817ACA /* Main.storyboard */ = {
			isa = PBXVariantGroup;
			children = (
				2DC1786621DD724600817ACA /* Base */,
			);
			name = Main.storyboard;
			sourceTree = "<group>";
		};
		2DC1786A21DD724800817ACA /* LaunchScreen.storyboard */ = {
			isa = PBXVariantGroup;
			children = (
				2DC1786B21DD724800817ACA /* Base */,
			);
			name = LaunchScreen.storyboard;
			sourceTree = "<group>";
		};
/* End PBXVariantGroup section */

/* Begin XCBuildConfiguration section */
		2DC1786E21DD724800817ACA /* Debug */ = {
			isa = XCBuildConfiguration;
			buildSettings = {
				ALWAYS_SEARCH_USER_PATHS = NO;
				CLANG_ANALYZER_NONNULL = YES;
				CLANG_ANALYZER_NUMBER_OBJECT_CONVERSION = YES_AGGRESSIVE;
				CLANG_CXX_LANGUAGE_STANDARD = "gnu++14";
				CLANG_CXX_LIBRARY = "libc++";
				CLANG_ENABLE_MODULES = YES;
				CLANG_ENABLE_OBJC_ARC = YES;
				CLANG_ENABLE_OBJC_WEAK = YES;
				CLANG_WARN_BLOCK_CAPTURE_AUTORELEASING = YES;
				CLANG_WARN_BOOL_CONVERSION = YES;
				CLANG_WARN_COMMA = YES;
				CLANG_WARN_CONSTANT_CONVERSION = YES;
				CLANG_WARN_DEPRECATED_OBJC_IMPLEMENTATIONS = YES;
				CLANG_WARN_DIRECT_OBJC_ISA_USAGE = YES_ERROR;
				CLANG_WARN_DOCUMENTATION_COMMENTS = YES;
				CLANG_WARN_EMPTY_BODY = YES;
				CLANG_WARN_ENUM_CONVERSION = YES;
				CLANG_WARN_INFINITE_RECURSION = YES;
				CLANG_WARN_INT_CONVERSION = YES;
				CLANG_WARN_NON_LITERAL_NULL_CONVERSION = YES;
				CLANG_WARN_OBJC_IMPLICIT_RETAIN_SELF = YES;
				CLANG_WARN_OBJC_LITERAL_CONVERSION = YES;
				CLANG_WARN_OBJC_ROOT_CLASS = YES_ERROR;
				CLANG_WARN_RANGE_LOOP_ANALYSIS = YES;
				CLANG_WARN_STRICT_PROTOTYPES = YES;
				CLANG_WARN_SUSPICIOUS_MOVE = YES;
				CLANG_WARN_UNGUARDED_AVAILABILITY = YES_AGGRESSIVE;
				CLANG_WARN_UNREACHABLE_CODE = YES;
				CLANG_WARN__DUPLICATE_METHOD_MATCH = YES;
				CODE_SIGN_IDENTITY = "iPhone Developer";
				COPY_PHASE_STRIP = NO;
				DEBUG_INFORMATION_FORMAT = dwarf;
				ENABLE_STRICT_OBJC_MSGSEND = YES;
				ENABLE_TESTABILITY = YES;
				GCC_C_LANGUAGE_STANDARD = gnu11;
				GCC_DYNAMIC_NO_PIC = NO;
				GCC_NO_COMMON_BLOCKS = YES;
				GCC_OPTIMIZATION_LEVEL = 0;
				GCC_PREPROCESSOR_DEFINITIONS = (
					"DEBUG=1",
					"$(inherited)",
				);
				GCC_WARN_64_TO_32_BIT_CONVERSION = YES;
				GCC_WARN_ABOUT_RETURN_TYPE = YES_ERROR;
				GCC_WARN_UNDECLARED_SELECTOR = YES;
				GCC_WARN_UNINITIALIZED_AUTOS = YES_AGGRESSIVE;
				GCC_WARN_UNUSED_FUNCTION = YES;
				GCC_WARN_UNUSED_VARIABLE = YES;
				IPHONEOS_DEPLOYMENT_TARGET = 12.1;
				MTL_ENABLE_DEBUG_INFO = INCLUDE_SOURCE;
				MTL_FAST_MATH = YES;
				ONLY_ACTIVE_ARCH = YES;
				SDKROOT = iphoneos;
				SWIFT_ACTIVE_COMPILATION_CONDITIONS = DEBUG;
				SWIFT_OPTIMIZATION_LEVEL = "-Onone";
			};
			name = Debug;
		};
		2DC1786F21DD724800817ACA /* Release */ = {
			isa = XCBuildConfiguration;
			buildSettings = {
				ALWAYS_SEARCH_USER_PATHS = NO;
				CLANG_ANALYZER_NONNULL = YES;
				CLANG_ANALYZER_NUMBER_OBJECT_CONVERSION = YES_AGGRESSIVE;
				CLANG_CXX_LANGUAGE_STANDARD = "gnu++14";
				CLANG_CXX_LIBRARY = "libc++";
				CLANG_ENABLE_MODULES = YES;
				CLANG_ENABLE_OBJC_ARC = YES;
				CLANG_ENABLE_OBJC_WEAK = YES;
				CLANG_WARN_BLOCK_CAPTURE_AUTORELEASING = YES;
				CLANG_WARN_BOOL_CONVERSION = YES;
				CLANG_WARN_COMMA = YES;
				CLANG_WARN_CONSTANT_CONVERSION = YES;
				CLANG_WARN_DEPRECATED_OBJC_IMPLEMENTATIONS = YES;
				CLANG_WARN_DIRECT_OBJC_ISA_USAGE = YES_ERROR;
				CLANG_WARN_DOCUMENTATION_COMMENTS = YES;
				CLANG_WARN_EMPTY_BODY = YES;
				CLANG_WARN_ENUM_CONVERSION = YES;
				CLANG_WARN_INFINITE_RECURSION = YES;
				CLANG_WARN_INT_CONVERSION = YES;
				CLANG_WARN_NON_LITERAL_NULL_CONVERSION = YES;
				CLANG_WARN_OBJC_IMPLICIT_RETAIN_SELF = YES;
				CLANG_WARN_OBJC_LITERAL_CONVERSION = YES;
				CLANG_WARN_OBJC_ROOT_CLASS = YES_ERROR;
				CLANG_WARN_RANGE_LOOP_ANALYSIS = YES;
				CLANG_WARN_STRICT_PROTOTYPES = YES;
				CLANG_WARN_SUSPICIOUS_MOVE = YES;
				CLANG_WARN_UNGUARDED_AVAILABILITY = YES_AGGRESSIVE;
				CLANG_WARN_UNREACHABLE_CODE = YES;
				CLANG_WARN__DUPLICATE_METHOD_MATCH = YES;
				CODE_SIGN_IDENTITY = "iPhone Developer";
				COPY_PHASE_STRIP = NO;
				DEBUG_INFORMATION_FORMAT = "dwarf-with-dsym";
				ENABLE_NS_ASSERTIONS = NO;
				ENABLE_STRICT_OBJC_MSGSEND = YES;
				GCC_C_LANGUAGE_STANDARD = gnu11;
				GCC_NO_COMMON_BLOCKS = YES;
				GCC_WARN_64_TO_32_BIT_CONVERSION = YES;
				GCC_WARN_ABOUT_RETURN_TYPE = YES_ERROR;
				GCC_WARN_UNDECLARED_SELECTOR = YES;
				GCC_WARN_UNINITIALIZED_AUTOS = YES_AGGRESSIVE;
				GCC_WARN_UNUSED_FUNCTION = YES;
				GCC_WARN_UNUSED_VARIABLE = YES;
				IPHONEOS_DEPLOYMENT_TARGET = 12.1;
				MTL_ENABLE_DEBUG_INFO = NO;
				MTL_FAST_MATH = YES;
				SDKROOT = iphoneos;
				SWIFT_COMPILATION_MODE = wholemodule;
				SWIFT_OPTIMIZATION_LEVEL = "-O";
				VALIDATE_PRODUCT = YES;
			};
			name = Release;
		};
		2DC1787121DD724800817ACA /* Debug */ = {
			isa = XCBuildConfiguration;
			buildSettings = {
				ASSETCATALOG_COMPILER_APPICON_NAME = AppIcon;
				CODE_SIGN_STYLE = Automatic;
				DEVELOPMENT_TEAM = A8R365GJ52;
				INFOPLIST_FILE = "Movie Night/Info.plist";
				LD_RUNPATH_SEARCH_PATHS = (
					"$(inherited)",
					"@executable_path/Frameworks",
				);
				PRODUCT_BUNDLE_IDENTIFIER = "com.example.Movie-Night";
				PRODUCT_NAME = "$(TARGET_NAME)";
				SWIFT_VERSION = 4.2;
				TARGETED_DEVICE_FAMILY = "1,2";
			};
			name = Debug;
		};
		2DC1787221DD724800817ACA /* Release */ = {
			isa = XCBuildConfiguration;
			buildSettings = {
				ASSETCATALOG_COMPILER_APPICON_NAME = AppIcon;
				CODE_SIGN_STYLE = Automatic;
				DEVELOPMENT_TEAM = A8R365GJ52;
				INFOPLIST_FILE = "Movie Night/Info.plist";
				LD_RUNPATH_SEARCH_PATHS = (
					"$(inherited)",
					"@executable_path/Frameworks",
				);
				PRODUCT_BUNDLE_IDENTIFIER = "com.example.Movie-Night";
				PRODUCT_NAME = "$(TARGET_NAME)";
				SWIFT_VERSION = 4.2;
				TARGETED_DEVICE_FAMILY = "1,2";
			};
			name = Release;
		};
/* End XCBuildConfiguration section */

/* Begin XCConfigurationList section */
		2DC1785921DD724600817ACA /* Build configuration list for PBXProject "Movie Night" */ = {
			isa = XCConfigurationList;
			buildConfigurations = (
				2DC1786E21DD724800817ACA /* Debug */,
				2DC1786F21DD724800817ACA /* Release */,
			);
			defaultConfigurationIsVisible = 0;
			defaultConfigurationName = Release;
		};
		2DC1787021DD724800817ACA /* Build configuration list for PBXNativeTarget "Movie Night" */ = {
			isa = XCConfigurationList;
			buildConfigurations = (
				2DC1787121DD724800817ACA /* Debug */,
				2DC1787221DD724800817ACA /* Release */,
			);
			defaultConfigurationIsVisible = 0;
			defaultConfigurationName = Release;
		};
/* End XCConfigurationList section */
	};
	rootObject = 2DC1785621DD724600817ACA /* Project object */;
}
